# THIS IS AN AUTOGENERATED FILE. DO NOT EDIT THIS FILE DIRECTLY.
# yarn lockfile v1


"@types/node-fetch@^2.1.7":
  version "2.3.0"
  resolved "https://registry.yarnpkg.com/@types/node-fetch/-/node-fetch-2.3.0.tgz#d1da24d56e9f1774a0e50a93cc8ee2a7922f4f0e"
  dependencies:
    "@types/node" "*"

"@types/node@*":
  version "11.13.2"
  resolved "https://registry.yarnpkg.com/@types/node/-/node-11.13.2.tgz#dc85dde46aa8740bb4aed54b8104250f8f849503"

deepmerge@^3.2.0:
  version "3.2.0"
  resolved "https://registry.yarnpkg.com/deepmerge/-/deepmerge-3.2.0.tgz#58ef463a57c08d376547f8869fdc5bcee957f44e"

node-fetch@^2.3.0:
  version "2.3.0"
  resolved "https://registry.yarnpkg.com/node-fetch/-/node-fetch-2.3.0.tgz#1a1d940bbfb916a1d3e0219f037e89e71f8c5fa5"
